{
  "lockfileVersion": 1,
  "configVersion": 1,
  "workspaces": {
    "": {
      "name": "logseq-toc-plugin",
      "dependencies": {
        "@logseq/libs": "^0.2.12",
        "react": "^18.3.1",
        "react-dom": "^18.3.1",
      },
      "devDependencies": {
        "@biomejs/biome": "2.4.12",
        "@types/node": "^20.19.25",
        "@types/react": "^18.3.27",
        "@types/react-dom": "^18.3.7",
        "husky": "^9.1.7",
        "prettier": "^3.7.4",
        "typescript": "^5.9.3",
        "vite": "^4.5.14",
        "vite-plugin-logseq": "^1.1.2",
        "vite-tsconfig-paths": "^4.3.2",
      },
    },
  },
  "packages": {
    "@biomejs/biome": ["@biomejs/biome@2.4.12", "", { "optionalDependencies": { "@biomejs/cli-darwin-arm64": "2.4.12", "@biomejs/cli-darwin-x64": "2.4.12", "@biomejs/cli-linux-arm64": "2.4.12", "@biomejs/cli-linux-arm64-musl": "2.4.12", "@biomejs/cli-linux-x64": "2.4.12", "@biomejs/cli-linux-x64-musl": "2.4.12", "@biomejs/cli-win32-arm64": "2.4.12", "@biomejs/cli-win32-x64": "2.4.12" }, "bin": { "biome": "bin/biome" } }, "sha512-Rro7adQl3NLq/zJCIL98eElXKI8eEiBtoeu5TbXF/U3qbjuSc7Jb5rjUbeHHcquDWeSf3HnGP7XI5qGrlRk/pA=="],

    "@biomejs/cli-darwin-arm64": ["@biomejs/cli-darwin-arm64@2.4.12", "", { "os": "darwin", "cpu": "arm64" }, "sha512-BnMU4Pc3ciEVteVpZ0BK33MLr7X57F5w1dwDLDn+/iy/yTrA4Q/N2yftidFtsA4vrDh0FMXDpacNV/Tl3fbmng=="],

    "@biomejs/cli-darwin-x64": ["@biomejs/cli-darwin-x64@2.4.12", "", { "os": "darwin", "cpu": "x64" }, "sha512-x9uJ0bI1rJsWICp3VH8w/5PnAVD3A7SqzDpbrfoUQX1QyWrK5jSU4fRLo/wSgGeplCivbxBRKmt5Xq4/nWvq8A=="],

    "@biomejs/cli-linux-arm64": ["@biomejs/cli-linux-arm64@2.4.12", "", { "os": "linux", "cpu": "arm64" }, "sha512-tOwuCuZZtKi1jVzbk/5nXmIsziOB6yqN8c9r9QM0EJYPU6DpQWf11uBOSCfFKKM4H3d9ZoarvlgMfbcuD051Pw=="],

    "@biomejs/cli-linux-arm64-musl": ["@biomejs/cli-linux-arm64-musl@2.4.12", "", { "os": "linux", "cpu": "arm64" }, "sha512-FhfpkAAlKL6kwvcVap0Hgp4AhZmtd3YImg0kK1jd7C/aSoh4SfsB2f++yG1rU0lr8Y5MCFJrcSkmssiL9Xnnig=="],

    "@biomejs/cli-linux-x64": ["@biomejs/cli-linux-x64@2.4.12", "", { "os": "linux", "cpu": "x64" }, "sha512-8pFeAnLU9QdW9jCIslB/v82bI0lhBmz2ZAKc8pVMFPO0t0wAHsoEkrUQUbMkIorTRIjbqyNZHA3lEXavsPWYSw=="],

    "@biomejs/cli-linux-x64-musl": ["@biomejs/cli-linux-x64-musl@2.4.12", "", { "os": "linux", "cpu": "x64" }, "sha512-dwTIgZrGutzhkQCuvHynCkyW6hJxUuyZqKKO0YNfaS2GUoRO+tOvxXZqZB6SkWAOdfZTzwaw8IEdUnIkHKHoew=="],

    "@biomejs/cli-win32-arm64": ["@biomejs/cli-win32-arm64@2.4.12", "", { "os": "win32", "cpu": "arm64" }, "sha512-B0DLnx0vA9ya/3v7XyCaP+/lCpnbWbMOfUFFve+xb5OxyYvdHaS55YsSddr228Y+JAFk58agCuZTsqNiw2a6ig=="],

    "@biomejs/cli-win32-x64": ["@biomejs/cli-win32-x64@2.4.12", "", { "os": "win32", "cpu": "x64" }, "sha512-yMckRzTyZ83hkk8iDFWswqSdU8tvZxspJKnYNh7JZr/zhZNOlzH13k4ecboU6MurKExCe2HUkH75pGI/O2JwGA=="],

    "@esbuild/android-arm": ["@esbuild/android-arm@0.18.20", "", { "os": "android", "cpu": "arm" }, "sha512-fyi7TDI/ijKKNZTUJAQqiG5T7YjJXgnzkURqmGj13C6dCqckZBLdl4h7bkhHt/t0WP+zO9/zwroDvANaOqO5Sw=="],

    "@esbuild/android-arm64": ["@esbuild/android-arm64@0.18.20", "", { "os": "android", "cpu": "arm64" }, "sha512-Nz4rJcchGDtENV0eMKUNa6L12zz2zBDXuhj/Vjh18zGqB44Bi7MBMSXjgunJgjRhCmKOjnPuZp4Mb6OKqtMHLQ=="],

    "@esbuild/android-x64": ["@esbuild/android-x64@0.18.20", "", { "os": "android", "cpu": "x64" }, "sha512-8GDdlePJA8D6zlZYJV/jnrRAi6rOiNaCC/JclcXpB+KIuvfBN4owLtgzY2bsxnx666XjJx2kDPUmnTtR8qKQUg=="],

    "@esbuild/darwin-arm64": ["@esbuild/darwin-arm64@0.18.20", "", { "os": "darwin", "cpu": "arm64" }, "sha512-bxRHW5kHU38zS2lPTPOyuyTm+S+eobPUnTNkdJEfAddYgEcll4xkT8DB9d2008DtTbl7uJag2HuE5NZAZgnNEA=="],

    "@esbuild/darwin-x64": ["@esbuild/darwin-x64@0.18.20", "", { "os": "darwin", "cpu": "x64" }, "sha512-pc5gxlMDxzm513qPGbCbDukOdsGtKhfxD1zJKXjCCcU7ju50O7MeAZ8c4krSJcOIJGFR+qx21yMMVYwiQvyTyQ=="],

    "@esbuild/freebsd-arm64": ["@esbuild/freebsd-arm64@0.18.20", "", { "os": "freebsd", "cpu": "arm64" }, "sha512-yqDQHy4QHevpMAaxhhIwYPMv1NECwOvIpGCZkECn8w2WFHXjEwrBn3CeNIYsibZ/iZEUemj++M26W3cNR5h+Tw=="],

    "@esbuild/freebsd-x64": ["@esbuild/freebsd-x64@0.18.20", "", { "os": "freebsd", "cpu": "x64" }, "sha512-tgWRPPuQsd3RmBZwarGVHZQvtzfEBOreNuxEMKFcd5DaDn2PbBxfwLcj4+aenoh7ctXcbXmOQIn8HI6mCSw5MQ=="],

    "@esbuild/linux-arm": ["@esbuild/linux-arm@0.18.20", "", { "os": "linux", "cpu": "arm" }, "sha512-/5bHkMWnq1EgKr1V+Ybz3s1hWXok7mDFUMQ4cG10AfW3wL02PSZi5kFpYKrptDsgb2WAJIvRcDm+qIvXf/apvg=="],

    "@esbuild/linux-arm64": ["@esbuild/linux-arm64@0.18.20", "", { "os": "linux", "cpu": "arm64" }, "sha512-2YbscF+UL7SQAVIpnWvYwM+3LskyDmPhe31pE7/aoTMFKKzIc9lLbyGUpmmb8a8AixOL61sQ/mFh3jEjHYFvdA=="],

    "@esbuild/linux-ia32": ["@esbuild/linux-ia32@0.18.20", "", { "os": "linux", "cpu": "ia32" }, "sha512-P4etWwq6IsReT0E1KHU40bOnzMHoH73aXp96Fs8TIT6z9Hu8G6+0SHSw9i2isWrD2nbx2qo5yUqACgdfVGx7TA=="],

    "@esbuild/linux-loong64": ["@esbuild/linux-loong64@0.18.20", "", { "os": "linux", "cpu": "none" }, "sha512-nXW8nqBTrOpDLPgPY9uV+/1DjxoQ7DoB2N8eocyq8I9XuqJ7BiAMDMf9n1xZM9TgW0J8zrquIb/A7s3BJv7rjg=="],

    "@esbuild/linux-mips64el": ["@esbuild/linux-mips64el@0.18.20", "", { "os": "linux", "cpu": "none" }, "sha512-d5NeaXZcHp8PzYy5VnXV3VSd2D328Zb+9dEq5HE6bw6+N86JVPExrA6O68OPwobntbNJ0pzCpUFZTo3w0GyetQ=="],

    "@esbuild/linux-ppc64": ["@esbuild/linux-ppc64@0.18.20", "", { "os": "linux", "cpu": "ppc64" }, "sha512-WHPyeScRNcmANnLQkq6AfyXRFr5D6N2sKgkFo2FqguP44Nw2eyDlbTdZwd9GYk98DZG9QItIiTlFLHJHjxP3FA=="],

    "@esbuild/linux-riscv64": ["@esbuild/linux-riscv64@0.18.20", "", { "os": "linux", "cpu": "none" }, "sha512-WSxo6h5ecI5XH34KC7w5veNnKkju3zBRLEQNY7mv5mtBmrP/MjNBCAlsM2u5hDBlS3NGcTQpoBvRzqBcRtpq1A=="],

    "@esbuild/linux-s390x": ["@esbuild/linux-s390x@0.18.20", "", { "os": "linux", "cpu": "s390x" }, "sha512-+8231GMs3mAEth6Ja1iK0a1sQ3ohfcpzpRLH8uuc5/KVDFneH6jtAJLFGafpzpMRO6DzJ6AvXKze9LfFMrIHVQ=="],

    "@esbuild/linux-x64": ["@esbuild/linux-x64@0.18.20", "", { "os": "linux", "cpu": "x64" }, "sha512-UYqiqemphJcNsFEskc73jQ7B9jgwjWrSayxawS6UVFZGWrAAtkzjxSqnoclCXxWtfwLdzU+vTpcNYhpn43uP1w=="],

    "@esbuild/netbsd-x64": ["@esbuild/netbsd-x64@0.18.20", "", { "os": "none", "cpu": "x64" }, "sha512-iO1c++VP6xUBUmltHZoMtCUdPlnPGdBom6IrO4gyKPFFVBKioIImVooR5I83nTew5UOYrk3gIJhbZh8X44y06A=="],

    "@esbuild/openbsd-x64": ["@esbuild/openbsd-x64@0.18.20", "", { "os": "openbsd", "cpu": "x64" }, "sha512-e5e4YSsuQfX4cxcygw/UCPIEP6wbIL+se3sxPdCiMbFLBWu0eiZOJ7WoD+ptCLrmjZBK1Wk7I6D/I3NglUGOxg=="],

    "@esbuild/sunos-x64": ["@esbuild/sunos-x64@0.18.20", "", { "os": "sunos", "cpu": "x64" }, "sha512-kDbFRFp0YpTQVVrqUd5FTYmWo45zGaXe0X8E1G/LKFC0v8x0vWrhOWSLITcCn63lmZIxfOMXtCfti/RxN/0wnQ=="],

    "@esbuild/win32-arm64": ["@esbuild/win32-arm64@0.18.20", "", { "os": "win32", "cpu": "arm64" }, "sha512-ddYFR6ItYgoaq4v4JmQQaAI5s7npztfV4Ag6NrhiaW0RrnOXqBkgwZLofVTlq1daVTQNhtI5oieTvkRPfZrePg=="],

    "@esbuild/win32-ia32": ["@esbuild/win32-ia32@0.18.20", "", { "os": "win32", "cpu": "ia32" }, "sha512-Wv7QBi3ID/rROT08SABTS7eV4hX26sVduqDOTe1MvGMjNd3EjOz4b7zeexIR62GTIEKrfJXKL9LFxTYgkyeu7g=="],

    "@esbuild/win32-x64": ["@esbuild/win32-x64@0.18.20", "", { "os": "win32", "cpu": "x64" }, "sha512-kTdfRcSiDfQca/y9QIkng02avJ+NCaQvrMejlsB3RRv5sE9rRoeBPISaZpKxHELzRxZyLvNts1P27W3wV+8geQ=="],

    "@logseq/libs": ["@logseq/libs@0.2.12", "", { "dependencies": { "csstype": "3.1.0", "debug": "4.3.4", "deepmerge": "4.3.1", "dompurify": "3.3.1", "eventemitter3": "4.0.7", "fast-deep-equal": "3.1.3", "lodash-es": "4.17.21", "path": "0.12.7", "snake-case": "3.0.4" } }, "sha512-hUv08KSuQ41lMx4ZFNj56l89dy92oJZTGhIRjgJZCLXkbtBIH5WjGq7JRlCEBv5nHDTw3iaPOVFTa5gIvoF9HA=="],

    "@types/node": ["@types/node@20.19.25", "", { "dependencies": { "undici-types": "~6.21.0" } }, "sha512-ZsJzA5thDQMSQO788d7IocwwQbI8B5OPzmqNvpf3NY/+MHDAS759Wo0gd2WQeXYt5AAAQjzcrTVC6SKCuYgoCQ=="],

    "@types/prop-types": ["@types/prop-types@15.7.15", "", {}, "sha512-F6bEyamV9jKGAFBEmlQnesRPGOQqS2+Uwi0Em15xenOxHaf2hv6L8YCVn3rPdPJOiJfPiCnLIRyvwVaqMY3MIw=="],

    "@types/react": ["@types/react@18.3.27", "", { "dependencies": { "@types/prop-types": "*", "csstype": "^3.2.2" } }, "sha512-cisd7gxkzjBKU2GgdYrTdtQx1SORymWyaAFhaxQPK9bYO9ot3Y5OikQRvY0VYQtvwjeQnizCINJAenh/V7MK2w=="],

    "@types/react-dom": ["@types/react-dom@18.3.7", "", { "peerDependencies": { "@types/react": "^18.0.0" } }, "sha512-MEe3UeoENYVFXzoXEWsvcpg6ZvlrFNlOQ7EOsvhI3CfAXwzPfO8Qwuxd40nepsYKqyyVQnTdEfv68q91yLcKrQ=="],

    "@types/trusted-types": ["@types/trusted-types@2.0.7", "", {}, "sha512-ScaPdn1dQczgbl0QFTeTOmVHFULt394XJgOQNoyVhZ6r2vLnMLJfBPd53SB52T/3G36VI1/g2MZaX0cwDuXsfw=="],

    "csstype": ["csstype@3.2.3", "", {}, "sha512-z1HGKcYy2xA8AGQfwrn0PAy+PB7X/GSj3UVJW9qKyn43xWa+gl5nXmU4qqLMRzWVLFC8KusUX8T/0kCiOYpAIQ=="],

    "debug": ["debug@4.4.3", "", { "dependencies": { "ms": "^2.1.3" } }, "sha512-RGwwWnwQvkVfavKVt22FGLw+xYSdzARwm0ru6DhTVA3umU5hZc28V3kO4stgYryrTlLpuvgI9GiijltAjNbcqA=="],

    "deepmerge": ["deepmerge@4.3.1", "", {}, "sha512-3sUqbMEc77XqpdNO7FRyRog+eW3ph+GYCbj+rK+uYyRMuwsVy0rMiVtPn+QJlKFvWP/1PYpapqYn0Me2knFn+A=="],

    "dompurify": ["dompurify@3.3.1", "", { "optionalDependencies": { "@types/trusted-types": "^2.0.7" } }, "sha512-qkdCKzLNtrgPFP1Vo+98FRzJnBRGe4ffyCea9IwHB1fyxPOeNTHpLKYGd4Uk9xvNoH0ZoOjwZxNptyMwqrId1Q=="],

    "dot-case": ["dot-case@3.0.4", "", { "dependencies": { "no-case": "^3.0.4", "tslib": "^2.0.3" } }, "sha512-Kv5nKlh6yRrdrGvxeJ2e5y2eRUpkUosIW4A2AS38zwSz27zu7ufDwQPi5Jhs3XAlGNetl3bmnGhQsMtkKJnj3w=="],

    "esbuild": ["esbuild@0.18.20", "", { "optionalDependencies": { "@esbuild/android-arm": "0.18.20", "@esbuild/android-arm64": "0.18.20", "@esbuild/android-x64": "0.18.20", "@esbuild/darwin-arm64": "0.18.20", "@esbuild/darwin-x64": "0.18.20", "@esbuild/freebsd-arm64": "0.18.20", "@esbuild/freebsd-x64": "0.18.20", "@esbuild/linux-arm": "0.18.20", "@esbuild/linux-arm64": "0.18.20", "@esbuild/linux-ia32": "0.18.20", "@esbuild/linux-loong64": "0.18.20", "@esbuild/linux-mips64el": "0.18.20", "@esbuild/linux-ppc64": "0.18.20", "@esbuild/linux-riscv64": "0.18.20", "@esbuild/linux-s390x": "0.18.20", "@esbuild/linux-x64": "0.18.20", "@esbuild/netbsd-x64": "0.18.20", "@esbuild/openbsd-x64": "0.18.20", "@esbuild/sunos-x64": "0.18.20", "@esbuild/win32-arm64": "0.18.20", "@esbuild/win32-ia32": "0.18.20", "@esbuild/win32-x64": "0.18.20" }, "bin": { "esbuild": "bin/esbuild" } }, "sha512-ceqxoedUrcayh7Y7ZX6NdbbDzGROiyVBgC4PriJThBKSVPWnnFHZAkfI1lJT8QFkOwH4qOS2SJkS4wvpGl8BpA=="],

    "eventemitter3": ["eventemitter3@4.0.7", "", {}, "sha512-8guHBZCwKnFhYdHr2ysuRWErTwhoN2X8XELRlrRwpmfeY2jjuUN4taQMsULKUVo1K4DvZl+0pgfyoysHxvmvEw=="],

    "fast-deep-equal": ["fast-deep-equal@3.1.3", "", {}, "sha512-f3qQ9oQy9j2AhBe/H9VC91wLmKBCCU/gDOnKNAYG5hswO7BLKj09Hc5HYNz9cGI++xlpDCIgDaitVs03ATR84Q=="],

    "fsevents": ["fsevents@2.3.3", "", { "os": "darwin" }, "sha512-5xoDfX+fL7faATnagmWPpbFtwh/R77WmMMqqHGS65C3vvB0YHrgF+B1YmZ3441tMj5n63k0212XNoJwzlhffQw=="],

    "globrex": ["globrex@0.1.2", "", {}, "sha512-uHJgbwAMwNFf5mLst7IWLNg14x1CkeqglJb/K3doi4dw6q2IvAAmM/Y81kevy83wP+Sst+nutFTYOGg3d1lsxg=="],

    "husky": ["husky@9.1.7", "", { "bin": { "husky": "bin.js" } }, "sha512-5gs5ytaNjBrh5Ow3zrvdUUY+0VxIuWVL4i9irt6friV+BqdCfmV11CQTWMiBYWHbXhco+J1kHfTOUkePhCDvMA=="],

    "inherits": ["inherits@2.0.3", "", {}, "sha512-x00IRNXNy63jwGkJmzPigoySHbaqpNuzKbBOmzK+g2OdZpQ9w+sxCN+VSB3ja7IAge2OP2qpfxTjeNcyjmW1uw=="],

    "js-tokens": ["js-tokens@4.0.0", "", {}, "sha512-RdJUflcE3cUzKiMqQgsCu06FPu9UdIJO0beYbPhHN4k6apgJtifcoCtT9bcxOpYBtpD2kCM6Sbzg4CausW/PKQ=="],

    "lodash-es": ["lodash-es@4.17.21", "", {}, "sha512-mKnC+QJ9pWVzv+C4/U3rRsHapFfHvQFoFB92e52xeyGMcX6/OlIl78je1u8vePzYZSkkogMPJ2yjxxsb89cxyw=="],

    "loose-envify": ["loose-envify@1.4.0", "", { "dependencies": { "js-tokens": "^3.0.0 || ^4.0.0" }, "bin": { "loose-envify": "cli.js" } }, "sha512-lyuxPGr/Wfhrlem2CL/UcnUc1zcqKAImBDzukY7Y5F/yQiNdko6+fRLevlw1HgMySw7f611UIY408EtxRSoK3Q=="],

    "lower-case": ["lower-case@2.0.2", "", { "dependencies": { "tslib": "^2.0.3" } }, "sha512-7fm3l3NAF9WfN6W3JOmf5drwpVqX78JtoGJ3A6W0a6ZnldM41w2fV5D490psKFTpMds8TJse/eHLFFsNHHjHgg=="],

    "magic-string": ["magic-string@0.26.7", "", { "dependencies": { "sourcemap-codec": "^1.4.8" } }, "sha512-hX9XH3ziStPoPhJxLq1syWuZMxbDvGNbVchfrdCtanC7D13888bMFow61x8axrx+GfHLtVeAx2kxL7tTGRl+Ow=="],

    "ms": ["ms@2.1.3", "", {}, "sha512-6FlzubTLZG3J2a/NVCAleEhjzq5oxgHyaCU9yYXvcLsvoVaHJq/s5xXI6/XXP6tz7R9xAOtHnSO/tXtF3WRTlA=="],

    "nanoid": ["nanoid@3.3.11", "", { "bin": { "nanoid": "bin/nanoid.cjs" } }, "sha512-N8SpfPUnUp1bK+PMYW8qSWdl9U+wwNWI4QKxOYDy9JAro3WMX7p2OeVRF9v+347pnakNevPmiHhNmZ2HbFA76w=="],

    "no-case": ["no-case@3.0.4", "", { "dependencies": { "lower-case": "^2.0.2", "tslib": "^2.0.3" } }, "sha512-fgAN3jGAh+RoxUGZHTSOLJIqUc2wmoBwGR4tbpNAKmmovFoWq0OdRkb0VkldReO2a2iBT/OEulG9XSUc10r3zg=="],

    "path": ["path@0.12.7", "", { "dependencies": { "process": "^0.11.1", "util": "^0.10.3" } }, "sha512-aXXC6s+1w7otVF9UletFkFcDsJeO7lSZBPUQhtb5O0xJe8LtYhj/GxldoL09bBj9+ZmE2hNoHqQSFMN5fikh4Q=="],

    "picocolors": ["picocolors@1.1.1", "", {}, "sha512-xceH2snhtb5M9liqDsmEw56le376mTZkEX/jEb/RxNFyegNul7eNslCXP9FDj/Lcu0X8KEyMceP2ntpaHrDEVA=="],

    "postcss": ["postcss@8.5.6", "", { "dependencies": { "nanoid": "^3.3.11", "picocolors": "^1.1.1", "source-map-js": "^1.2.1" } }, "sha512-3Ybi1tAuwAP9s0r1UQ2J4n5Y0G05bJkpUIO0/bI9MhwmD70S5aTWbXGBwxHrelT+XM1k6dM0pk+SwNkpTRN7Pg=="],

    "prettier": ["prettier@3.7.4", "", { "bin": { "prettier": "bin/prettier.cjs" } }, "sha512-v6UNi1+3hSlVvv8fSaoUbggEM5VErKmmpGA7Pl3HF8V6uKY7rvClBOJlH6yNwQtfTueNkGVpOv/mtWL9L4bgRA=="],

    "process": ["process@0.11.10", "", {}, "sha512-cdGef/drWFoydD1JsMzuFf8100nZl+GT+yacc2bEced5f9Rjk4z+WtFUTBu9PhOi9j/jfmBPu0mMEY4wIdAF8A=="],

    "react": ["react@18.3.1", "", { "dependencies": { "loose-envify": "^1.1.0" } }, "sha512-wS+hAgJShR0KhEvPJArfuPVN1+Hz1t0Y6n5jLrGQbkb4urgPE/0Rve+1kMB1v/oWgHgm4WIcV+i7F2pTVj+2iQ=="],

    "react-dom": ["react-dom@18.3.1", "", { "dependencies": { "loose-envify": "^1.1.0", "scheduler": "^0.23.2" }, "peerDependencies": { "react": "^18.3.1" } }, "sha512-5m4nQKp+rZRb09LNH59GM4BxTh9251/ylbKIbpe7TpGxfJ+9kv6BLkLBXIjjspbgbnIBNqlI23tRnTWT0snUIw=="],

    "rollup": ["rollup@3.29.5", "", { "optionalDependencies": { "fsevents": "~2.3.2" }, "bin": { "rollup": "dist/bin/rollup" } }, "sha512-GVsDdsbJzzy4S/v3dqWPJ7EfvZJfCHiDqe80IyrF59LYuP+e6U1LJoUqeuqRbwAWoMNoXivMNeNAOf5E22VA1w=="],

    "scheduler": ["scheduler@0.23.2", "", { "dependencies": { "loose-envify": "^1.1.0" } }, "sha512-UOShsPwz7NrMUqhR6t0hWjFduvOzbtv7toDH1/hIrfRNIDBnnBWd0CwJTGvTpngVlmwGCdP9/Zl/tVrDqcuYzQ=="],

    "snake-case": ["snake-case@3.0.4", "", { "dependencies": { "dot-case": "^3.0.4", "tslib": "^2.0.3" } }, "sha512-LAOh4z89bGQvl9pFfNF8V146i7o7/CqFPbqzYgP+yYzDIDeS9HaNFtXABamRW+AQzEVODcvE79ljJ+8a9YSdMg=="],

    "source-map-js": ["source-map-js@1.2.1", "", {}, "sha512-UXWMKhLOwVKb728IUtQPXxfYU+usdybtUrK/8uGE8CQMvrhOpwvzDBwj0QhSL7MQc7vIsISBG8VQ8+IDQxpfQA=="],

    "sourcemap-codec": ["sourcemap-codec@1.4.8", "", {}, "sha512-9NykojV5Uih4lgo5So5dtw+f0JgJX30KCNI8gwhz2J9A15wD0Ml6tjHKwf6fTSa6fAdVBdZeNOs9eJ71qCk8vA=="],

    "tsconfck": ["tsconfck@3.1.6", "", { "peerDependencies": { "typescript": "^5.0.0" }, "optionalPeers": ["typescript"], "bin": { "tsconfck": "bin/tsconfck.js" } }, "sha512-ks6Vjr/jEw0P1gmOVwutM3B7fWxoWBL2KRDb1JfqGVawBmO5UsvmWOQFGHBPl5yxYz4eERr19E6L7NMv+Fej4w=="],

    "tslib": ["tslib@2.8.1", "", {}, "sha512-oJFu94HQb+KVduSUQL7wnpmqnfmLsOA/nAh6b6EH0wCEoK0/mPeXU6c3wKDV83MkOuHPRHtSXKKU99IBazS/2w=="],

    "typescript": ["typescript@5.9.3", "", { "bin": { "tsc": "bin/tsc", "tsserver": "bin/tsserver" } }, "sha512-jl1vZzPDinLr9eUt3J/t7V6FgNEw9QjvBPdysz9KfQDD41fQrC2Y4vKQdiaUpFT4bXlb1RHhLpp8wtm6M5TgSw=="],

    "undici-types": ["undici-types@6.21.0", "", {}, "sha512-iwDZqg0QAGrg9Rav5H4n0M64c3mkR59cJ6wQp+7C4nI0gsmExaedaYLNO44eT4AtBBwjbTiGPMlt2Md0T9H9JQ=="],

    "util": ["util@0.10.4", "", { "dependencies": { "inherits": "2.0.3" } }, "sha512-0Pm9hTQ3se5ll1XihRic3FDIku70C+iHUdT/W926rSgHV5QgXsYbKZN8MSC3tJtSkhuROzvsQjAaFENRXr+19A=="],

    "vite": ["vite@4.5.14", "", { "dependencies": { "esbuild": "^0.18.10", "postcss": "^8.4.27", "rollup": "^3.27.1" }, "optionalDependencies": { "fsevents": "~2.3.2" }, "peerDependencies": { "@types/node": ">= 14", "less": "*", "lightningcss": "^1.21.0", "sass": "*", "stylus": "*", "sugarss": "*", "terser": "^5.4.0" }, "optionalPeers": ["@types/node", "less", "lightningcss", "sass", "stylus", "sugarss", "terser"], "bin": { "vite": "bin/vite.js" } }, "sha512-+v57oAaoYNnO3hIu5Z/tJRZjq5aHM2zDve9YZ8HngVHbhk66RStobhb1sqPMIPEleV6cNKYK4eGrAbE9Ulbl2g=="],

    "vite-plugin-logseq": ["vite-plugin-logseq@1.1.2", "", { "dependencies": { "magic-string": "^0.26.1" } }, "sha512-l5YvoH3K25Zx9eqgoJFug7NfVqSPwq7/FcYYhN1TkdG8ZOiD+c+TAwdCS2dJbGgvx8GmSpbgwSZWgslB+wH53g=="],

    "vite-tsconfig-paths": ["vite-tsconfig-paths@4.3.2", "", { "dependencies": { "debug": "^4.1.1", "globrex": "^0.1.2", "tsconfck": "^3.0.3" }, "peerDependencies": { "vite": "*" }, "optionalPeers": ["vite"] }, "sha512-0Vd/a6po6Q+86rPlntHye7F31zA2URZMbH8M3saAZ/xR9QoGN/L21bxEGfXdWmFdNkqPpRdxFT7nmNe12e9/uA=="],

    "@logseq/libs/csstype": ["csstype@3.1.0", "", {}, "sha512-uX1KG+x9h5hIJsaKR9xHUeUraxf8IODOwq9JLNPq6BwB04a/xgpq3rcx47l5BZu5zBPlgD342tdke3Hom/nJRA=="],

    "@logseq/libs/debug": ["debug@4.3.4", "", { "dependencies": { "ms": "2.1.2" } }, "sha512-PRWFHuSU3eDtQJPvnNY7Jcket1j0t5OuOsFzPPzsekD52Zl8qUfFIPEiswXqIvHWGVHOgX+7G/vCNNhehwxfkQ=="],

    "@logseq/libs/debug/ms": ["ms@2.1.2", "", {}, "sha512-sGkPx+VjMtmA6MX27oA4FBFELFCZZ4S4XqeGOXCv68tT+jb3vk/RyaKWP0PTKyWtmLSM0b+adUTEvbs1PEaH2w=="],
  }
}
